
Microsoft Visual Studio Solution File, Format Version 12.00
# Visual Studio Version 17
VisualStudioVersion = 17.2.32516.85
MinimumVisualStudioVersion = 10.0.40219.1
Project("{FAE04EC0-301F-11D3-BF4B-00C04F79EFBC}") = "MVCProject", "MVCProject.csproj", "{8375A938-25E0-43F6-94C4-AA5EE415D737}"
EndProject
Global
	GlobalSection(SolutionConfigurationPlatforms) = preSolution
		Debug|Any CPU = Debug|Any CPU
		Release|Any CPU = Release|Any CPU
	EndGlobalSection
	GlobalSection(ProjectConfigurationPlatforms) = postSolution
		{8375A938-25E0-43F6-94C4-AA5EE415D737}.Debug|Any CPU.ActiveCfg = Debug|Any CPU
		{8375A938-25E0-43F6-94C4-AA5EE415D737}.Debug|Any CPU.Build.0 = Debug|Any CPU
		{8375A938-25E0-43F6-94C4-AA5EE415D737}.Release|Any CPU.ActiveCfg = Release|Any CPU
		{8375A938-25E0-43F6-94C4-AA5EE415D737}.Release|Any CPU.Build.0 = Release|Any CPU
	EndGlobalSection
	GlobalSection(SolutionProperties) = preSolution
		HideSolutionNode = FALSE
	EndGlobalSection
	GlobalSection(ExtensibilityGlobals) = postSolution
		SolutionGuid = {F2070EAE-7DA7-4F04-8F23-8DAF7B389188}
	EndGlobalSection
EndGlobal
